{
  "nodes": {
    "ags": {
      "inputs": {
        "nixpkgs": "nixpkgs_2",
        "systems": "systems"
      },
      "locked": {
        "lastModified": 1728326430,
        "narHash": "sha256-tV1ABHuA1HItMdCTuNdA8fMB+qw7LpjvI945VwMSABI=",
        "owner": "Aylur",
        "repo": "ags",
        "rev": "60180a184cfb32b61a1d871c058b31a3b9b0743d",
        "type": "github"
      },
      "original": {
        "owner": "Aylur",
        "repo": "ags",
        "type": "github"
      }
    },
    "grub2-themes": {
      "inputs": {
        "nixpkgs": "nixpkgs"
      },
      "locked": {
        "lastModified": 1730004881,
        "narHash": "sha256-8xVIqIW25o2uCL0fxAmP4Sj9sdebarQXmd1+64yMe8o=",
        "owner": "vinceliuice",
        "repo": "grub2-themes",
        "rev": "42c232dfb46bf93c17506cbc1a574e5e89b5e09f",
        "type": "github"
      },
      "original": {
        "owner": "vinceliuice",
        "repo": "grub2-themes",
        "type": "github"
      }
    },
    "home-manager": {
      "inputs": {
        "nixpkgs": [
          "nixpkgs"
        ]
      },
      "locked": {
        "lastModified": 1733951607,
        "narHash": "sha256-CN6q6iCzxI1gkNyk4xLdwaMKi10r7n+aJkRzWj8PXwQ=",
        "owner": "nix-community",
        "repo": "home-manager",
        "rev": "6e5b2d9e8014b5572e3367937a329e7053458d34",
        "type": "github"
      },
      "original": {
        "owner": "nix-community",
        "repo": "home-manager",
        "type": "github"
      }
    },
    "hyprpanel": {
      "inputs": {
        "ags": "ags",
        "nixpkgs": "nixpkgs_3"
      },
      "locked": {
        "lastModified": 1733062031,
        "narHash": "sha256-cPm3IukRcKZqTgmjL9kh3ZYGoXBD8elaTQ3TFo+W67Q=",
        "owner": "Jas-SinghFSU",
        "repo": "HyprPanel",
        "rev": "955eed6c60a3ea5d6b0b1b8b7086cffbae984277",
        "type": "github"
      },
      "original": {
        "owner": "Jas-SinghFSU",
        "repo": "HyprPanel",
        "type": "github"
      }
    },
    "nixpkgs": {
      "locked": {
        "lastModified": 1734028830,
        "narHash": "sha256-dz6Hri+9RgBdPQ1f84YcQqnoqYhZDj8rg7wPbAzJzCY=",
        "owner": "NixOS",
        "repo": "nixpkgs",
        "rev": "dff46c854af40c7765fe1e0a908d00496b1bb13b",
        "type": "github"
      },
      "original": {
        "owner": "NixOS",
        "ref": "master",
        "repo": "nixpkgs",
        "type": "github"
      }
    },
    "nixpkgs_2": {
      "locked": {
        "lastModified": 1725634671,
        "narHash": "sha256-v3rIhsJBOMLR8e/RNWxr828tB+WywYIoajrZKFM+0Gg=",
        "owner": "NixOS",
        "repo": "nixpkgs",
        "rev": "574d1eac1c200690e27b8eb4e24887f8df7ac27c",
        "type": "github"
      },
      "original": {
        "owner": "NixOS",
        "ref": "nixos-unstable",
        "repo": "nixpkgs",
        "type": "github"
      }
    },
    "nixpkgs_3": {
      "locked": {
        "lastModified": 1732758367,
        "narHash": "sha256-RzaI1RO0UXqLjydtz3GAXSTzHkpb/lLD1JD8a0W4Wpo=",
        "owner": "nixos",
        "repo": "nixpkgs",
        "rev": "fa42b5a5f401aab8a32bd33c9a4de0738180dc59",
        "type": "github"
      },
      "original": {
        "owner": "nixos",
        "ref": "nixos-unstable",
        "repo": "nixpkgs",
        "type": "github"
      }
    },
    "nixpkgs_4": {
      "locked": {
        "lastModified": 1733759999,
        "narHash": "sha256-463SNPWmz46iLzJKRzO3Q2b0Aurff3U1n0nYItxq7jU=",
        "owner": "NixOS",
        "repo": "nixpkgs",
        "rev": "a73246e2eef4c6ed172979932bc80e1404ba2d56",
        "type": "github"
      },
      "original": {
        "id": "nixpkgs",
        "ref": "nixos-unstable",
        "type": "indirect"
      }
    },
    "root": {
      "inputs": {
        "grub2-themes": "grub2-themes",
        "home-manager": "home-manager",
        "hyprpanel": "hyprpanel",
        "nixpkgs": "nixpkgs_4",
        "sddm-sugar-candy-nix": "sddm-sugar-candy-nix"
      }
    },
    "sddm-sugar-candy-nix": {
      "inputs": {
        "nixpkgs": [
          "nixpkgs"
        ]
      },
      "locked": {
        "lastModified": 1733234385,
        "narHash": "sha256-mY4SRvZipWIdX1eY6abP60i5h/MZkI1ZTGDO57d+p+o=",
        "owner": "Zhaith-Izaliel",
        "repo": "sddm-sugar-candy-nix",
        "rev": "3c3800015ede18b268d1505cfc1488a24103d38a",
        "type": "gitlab"
      },
      "original": {
        "owner": "Zhaith-Izaliel",
        "repo": "sddm-sugar-candy-nix",
        "type": "gitlab"
      }
    },
    "systems": {
      "locked": {
        "lastModified": 1689347949,
        "narHash": "sha256-12tWmuL2zgBgZkdoB6qXZsgJEH9LR3oUgpaQq2RbI80=",
        "owner": "nix-systems",
        "repo": "default-linux",
        "rev": "31732fcf5e8fea42e59c2488ad31a0e651500f68",
        "type": "github"
      },
      "original": {
        "owner": "nix-systems",
        "repo": "default-linux",
        "type": "github"
      }
    }
  },
  "root": "root",
  "version": 7
}
